
Microsoft Visual Studio Solution File, Format Version 12.00
# Visual Studio Version 16
VisualStudioVersion = 16.0.29102.190
MinimumVisualStudioVersion = 10.0.40219.1
Project("{FAE04EC0-301F-11D3-BF4B-00C04F79EFBC}") = "LMS", "LMS\LMS.csproj", "{640D9F74-49D3-4CAD-81FA-64ED3F84F92B}"
EndProject
Project("{FAE04EC0-301F-11D3-BF4B-00C04F79EFBC}") = "Data", "Data\Data.csproj", "{5E9BC695-7A67-4ABF-A43F-B2581735E0CC}"
EndProject
Project("{FAE04EC0-301F-11D3-BF4B-00C04F79EFBC}") = "BL", "BL\BL.csproj", "{D22167E8-D91B-4727-84C5-89DC18F8E3CF}"
EndProject
Project("{FAE04EC0-301F-11D3-BF4B-00C04F79EFBC}") = "Model", "Model\Model.csproj", "{F564D733-DE44-496B-B228-86C2B50813B8}"
EndProject
Global
	GlobalSection(SolutionConfigurationPlatforms) = preSolution
		Debug|Any CPU = Debug|Any CPU
		Release|Any CPU = Release|Any CPU
	EndGlobalSection
	GlobalSection(ProjectConfigurationPlatforms) = postSolution
		{640D9F74-49D3-4CAD-81FA-64ED3F84F92B}.Debug|Any CPU.ActiveCfg = Debug|Any CPU
		{640D9F74-49D3-4CAD-81FA-64ED3F84F92B}.Debug|Any CPU.Build.0 = Debug|Any CPU
		{640D9F74-49D3-4CAD-81FA-64ED3F84F92B}.Release|Any CPU.ActiveCfg = Release|Any CPU
		{640D9F74-49D3-4CAD-81FA-64ED3F84F92B}.Release|Any CPU.Build.0 = Release|Any CPU
		{5E9BC695-7A67-4ABF-A43F-B2581735E0CC}.Debug|Any CPU.ActiveCfg = Debug|Any CPU
		{5E9BC695-7A67-4ABF-A43F-B2581735E0CC}.Debug|Any CPU.Build.0 = Debug|Any CPU
		{5E9BC695-7A67-4ABF-A43F-B2581735E0CC}.Release|Any CPU.ActiveCfg = Release|Any CPU
		{5E9BC695-7A67-4ABF-A43F-B2581735E0CC}.Release|Any CPU.Build.0 = Release|Any CPU
		{D22167E8-D91B-4727-84C5-89DC18F8E3CF}.Debug|Any CPU.ActiveCfg = Debug|Any CPU
		{D22167E8-D91B-4727-84C5-89DC18F8E3CF}.Debug|Any CPU.Build.0 = Debug|Any CPU
		{D22167E8-D91B-4727-84C5-89DC18F8E3CF}.Release|Any CPU.ActiveCfg = Release|Any CPU
		{D22167E8-D91B-4727-84C5-89DC18F8E3CF}.Release|Any CPU.Build.0 = Release|Any CPU
		{F564D733-DE44-496B-B228-86C2B50813B8}.Debug|Any CPU.ActiveCfg = Debug|Any CPU
		{F564D733-DE44-496B-B228-86C2B50813B8}.Debug|Any CPU.Build.0 = Debug|Any CPU
		{F564D733-DE44-496B-B228-86C2B50813B8}.Release|Any CPU.ActiveCfg = Release|Any CPU
		{F564D733-DE44-496B-B228-86C2B50813B8}.Release|Any CPU.Build.0 = Release|Any CPU
	EndGlobalSection
	GlobalSection(SolutionProperties) = preSolution
		HideSolutionNode = FALSE
	EndGlobalSection
	GlobalSection(ExtensibilityGlobals) = postSolution
		SolutionGuid = {46545CF1-F06E-4D8D-B9E3-502306422756}
	EndGlobalSection
EndGlobal
